name: Refresh lockfile

on:
  pull_request:

permissions:
  contents: read

jobs:
  lockfile:
    runs-on: ubuntu-latest
    timeout-minutes: 10
    steps:
      - name: Checkout
        uses: actions/checkout@v4
      - name: Setup Node
        uses: actions/setup-node@v4
        with:
          node-version: 24
          cache: npm
      - name: Refresh package lock
        run: npm install --package-lock-only --ignore-scripts
      - name: Audit refreshed production dependencies
        run: npm audit --omit=dev --audit-level=high
      - name: Upload refreshed lockfile
        uses: actions/upload-artifact@v4
        with:
          name: refreshed-package-lock
          path: package-lock.json
          if-no-files-found: error
