name: Refresh lockfile

on:
  pull_request:

permissions:
  contents: write

jobs:
  lockfile:
    if: github.event.pull_request.head.repo.full_name == github.repository
    runs-on: ubuntu-latest
    timeout-minutes: 10
    steps:
      - name: Checkout PR branch
        uses: actions/checkout@v4
        with:
          ref: ${{ github.event.pull_request.head.ref }}
      - name: Setup Node
        uses: actions/setup-node@v4
        with:
          node-version: 24
          cache: npm
      - name: Refresh package lock
        run: npm install --package-lock-only --ignore-scripts
      - name: Audit refreshed production dependencies
        run: npm audit --omit=dev --audit-level=high
      - name: Commit refreshed lockfile when needed
        run: |
          git add package-lock.json
          if git diff --cached --quiet; then
            echo "Lockfile already current."
            exit 0
          fi
          git config user.name "github-actions[bot]"
          git config user.email "41898282+github-actions[bot]@users.noreply.github.com"
          git commit -m "fix(security): refresh dependency lockfile"
          git push origin HEAD:${{ github.event.pull_request.head.ref }}
